
Microsoft Visual Studio Solution File, Format Version 12.00
# Visual Studio Version 17
VisualStudioVersion = 17.10.35027.167
MinimumVisualStudioVersion = 10.0.40219.1
Project("{FAE04EC0-301F-11D3-BF4B-00C04F79EFBC}") = "OOPModule2NN", "OOPModule2NN\OOPModule2NN.csproj", "{2C6E5364-B98B-4A00-B781-1E894FB7196D}"
EndProject
Global
	GlobalSection(SolutionConfigurationPlatforms) = preSolution
		Debug|Any CPU = Debug|Any CPU
		Release|Any CPU = Release|Any CPU
	EndGlobalSection
	GlobalSection(ProjectConfigurationPlatforms) = postSolution
		{2C6E5364-B98B-4A00-B781-1E894FB7196D}.Debug|Any CPU.ActiveCfg = Debug|Any CPU
		{2C6E5364-B98B-4A00-B781-1E894FB7196D}.Debug|Any CPU.Build.0 = Debug|Any CPU
		{2C6E5364-B98B-4A00-B781-1E894FB7196D}.Release|Any CPU.ActiveCfg = Release|Any CPU
		{2C6E5364-B98B-4A00-B781-1E894FB7196D}.Release|Any CPU.Build.0 = Release|Any CPU
	EndGlobalSection
	GlobalSection(SolutionProperties) = preSolution
		HideSolutionNode = FALSE
	EndGlobalSection
	GlobalSection(ExtensibilityGlobals) = postSolution
		SolutionGuid = {B92AEBC7-1EA5-4CF1-88DF-9864E325F791}
	EndGlobalSection
EndGlobal
